
Microsoft Visual Studio Solution File, Format Version 11.00
# Visual Studio 2010
Project("{8BC9CEB8-8B4A-11D0-8D11-00A0C91BC942}") = "SavingClara", "SavingClara.vcxproj", "{BBFC1998-B518-493E-9951-2632F5B1141F}"
EndProject
Global
	GlobalSection(SolutionConfigurationPlatforms) = preSolution
		Debug|Win32 = Debug|Win32
		Release|Win32 = Release|Win32
	EndGlobalSection
	GlobalSection(ProjectConfigurationPlatforms) = postSolution
		{BBFC1998-B518-493E-9951-2632F5B1141F}.Debug|Win32.ActiveCfg = Debug|Win32
		{BBFC1998-B518-493E-9951-2632F5B1141F}.Debug|Win32.Build.0 = Debug|Win32
		{BBFC1998-B518-493E-9951-2632F5B1141F}.Release|Win32.ActiveCfg = Release|Win32
		{BBFC1998-B518-493E-9951-2632F5B1141F}.Release|Win32.Build.0 = Release|Win32
	EndGlobalSection
	GlobalSection(SolutionProperties) = preSolution
		HideSolutionNode = FALSE
	EndGlobalSection
EndGlobal
